{
  "name": "drop_down_menu_biswabaral",
  "version": "1.0.0",
  "lockfileVersion": 3,
  "requires": true,
  "packages": {
    "": {
      "name": "drop_down_menu_biswabaral",
      "version": "1.0.0",
      "license": "ISC",
      "dependencies": {
        "drop_down_menu_biswabaral": "^1.0.0"
      }
    },
    "node_modules/drop_down_menu_biswabaral": {
      "version": "1.0.0",
      "resolved": "https://registry.npmjs.org/drop_down_menu_biswabaral/-/drop_down_menu_biswabaral-1.0.0.tgz",
      "integrity": "sha512-h5OOFocXhWs/afgrqyCi539UeXs50DqN/z6M91zmZBStixrVEzZXMM8jQG5pd1Z1aXKEdgEGm14fews2eNbSYw=="
    }
  }
}
